
Microsoft Visual Studio Solution File, Format Version 12.00
# Visual Studio Version 16
VisualStudioVersion = 16.0.30406.217
MinimumVisualStudioVersion = 10.0.40219.1
Project("{9A19103F-16F7-4668-BE54-9A1E7A4F7556}") = "InSilicoAlerts", "InSilicoAlerts\InSilicoAlerts.csproj", "{05191081-CC9F-4FA7-ABA8-360108B2E995}"
EndProject
Global
	GlobalSection(SolutionConfigurationPlatforms) = preSolution
		Debug|Any CPU = Debug|Any CPU
		Release|Any CPU = Release|Any CPU
	EndGlobalSection
	GlobalSection(ProjectConfigurationPlatforms) = postSolution
		{05191081-CC9F-4FA7-ABA8-360108B2E995}.Debug|Any CPU.ActiveCfg = Debug|Any CPU
		{05191081-CC9F-4FA7-ABA8-360108B2E995}.Debug|Any CPU.Build.0 = Debug|Any CPU
		{05191081-CC9F-4FA7-ABA8-360108B2E995}.Release|Any CPU.ActiveCfg = Release|Any CPU
		{05191081-CC9F-4FA7-ABA8-360108B2E995}.Release|Any CPU.Build.0 = Release|Any CPU
	EndGlobalSection
	GlobalSection(SolutionProperties) = preSolution
		HideSolutionNode = FALSE
	EndGlobalSection
	GlobalSection(ExtensibilityGlobals) = postSolution
		SolutionGuid = {51EE0D20-C106-49AD-BE15-D86007F3DCC1}
	EndGlobalSection
EndGlobal
